{
  "name": "bedrock-leveldb",
  "version": "0.1.1",
  "lockfileVersion": 3,
  "requires": true,
  "packages": {
    "": {
      "name": "bedrock-leveldb",
      "version": "0.1.1",
      "dependencies": {
        "nbtify": "^1.90.0",
        "pako": "^2.0.4"
      },
      "devDependencies": {
        "@types/node": "^20.10.6",
        "@types/pako": "^1.0.2",
        "typescript": "^5.3.3"
      }
    },
    "node_modules/@types/node": {
      "version": "20.11.19",
      "resolved": "https://registry.npmjs.org/@types/node/-/node-20.11.19.tgz",
      "integrity": "sha512-7xMnVEcZFu0DikYjWOlRq7NTPETrm7teqUT2WkQjrTIkEgUyyGdWsj/Zg8bEJt5TNklzbPD1X3fqfsHw3SpapQ==",
      "dev": true,
      "dependencies": {
        "undici-types": "~5.26.4"
      }
    },
    "node_modules/@types/pako": {
      "version": "1.0.2",
      "resolved": "https://registry.npmjs.org/@types/pako/-/pako-1.0.2.tgz",
      "integrity": "sha512-8UJl2MjkqqS6ncpLZqRZ5LmGiFBkbYxocD4e4jmBqGvfRG1RS23gKsBQbdtV9O9GvRyjFTiRHRByjSlKCLlmZw==",
      "dev": true,
      "license": "MIT"
    },
    "node_modules/nbtify": {
      "version": "1.90.0",
      "resolved": "https://registry.npmjs.org/nbtify/-/nbtify-1.90.0.tgz",
      "integrity": "sha512-4uqccfi96EOPcqhC7PJF/JvBgKegx7RQ2HXOB6Q/umgfJAUX/UEsC8zZPJunasn8IwMAP5nOftFRwB0svBACbA==",
      "bin": {
        "nbtify": "dist/bin/index.js"
      }
    },
    "node_modules/pako": {
      "version": "2.0.4",
      "resolved": "https://registry.npmjs.org/pako/-/pako-2.0.4.tgz",
      "integrity": "sha512-v8tweI900AUkZN6heMU/4Uy4cXRc2AYNRggVmTR+dEncawDJgCdLMximOVA2p4qO57WMynangsfGRb5WD6L1Bg==",
      "license": "(MIT AND Zlib)"
    },
    "node_modules/typescript": {
      "version": "5.3.3",
      "resolved": "https://registry.npmjs.org/typescript/-/typescript-5.3.3.tgz",
      "integrity": "sha512-pXWcraxM0uxAS+tN0AG/BF2TyqmHO014Z070UsJ+pFvYuRSq8KH8DmWpnbXe0pEPDHXZV3FcAbJkijJ5oNEnWw==",
      "dev": true,
      "bin": {
        "tsc": "bin/tsc",
        "tsserver": "bin/tsserver"
      },
      "engines": {
        "node": ">=14.17"
      }
    },
    "node_modules/undici-types": {
      "version": "5.26.5",
      "resolved": "https://registry.npmjs.org/undici-types/-/undici-types-5.26.5.tgz",
      "integrity": "sha512-JlCMO+ehdEIKqlFxk6IfVoAUVmgz7cU7zD/h9XZ0qzeosSHmUJVOzSQvvYSYWXkFXC+IfLKSIffhv0sVZup6pA==",
      "dev": true
    }
  }
}
